
Microsoft Visual Studio Solution File, Format Version 12.00
# Visual Studio Version 16
VisualStudioVersion = 16.0.30114.105
MinimumVisualStudioVersion = 10.0.40219.1
Project("{FAE04EC0-301F-11D3-BF4B-00C04F79EFBC}") = "TestCommon", "..\TestCommon\TestCommon.csproj", "{4028F6F2-BAFA-45D2-B5E0-78207FF33AC4}"
EndProject
Project("{FAE04EC0-301F-11D3-BF4B-00C04F79EFBC}") = "A9", "A9\A9.csproj", "{FCE3ADD9-DF3B-4A81-B8A9-FFF6EAE0FB3A}"
EndProject
Project("{FAE04EC0-301F-11D3-BF4B-00C04F79EFBC}") = "A9.Tests", "A9.Tests\A9.Tests.csproj", "{515D6923-2A9D-4120-AE89-F965ED015478}"
EndProject
Global
	GlobalSection(SolutionConfigurationPlatforms) = preSolution
		Debug|Any CPU = Debug|Any CPU
		Debug|x64 = Debug|x64
		Debug|x86 = Debug|x86
		Release|Any CPU = Release|Any CPU
		Release|x64 = Release|x64
		Release|x86 = Release|x86
	EndGlobalSection
	GlobalSection(SolutionProperties) = preSolution
		HideSolutionNode = FALSE
	EndGlobalSection
	GlobalSection(ProjectConfigurationPlatforms) = postSolution
		{4028F6F2-BAFA-45D2-B5E0-78207FF33AC4}.Debug|Any CPU.ActiveCfg = Debug|Any CPU
		{4028F6F2-BAFA-45D2-B5E0-78207FF33AC4}.Debug|Any CPU.Build.0 = Debug|Any CPU
		{4028F6F2-BAFA-45D2-B5E0-78207FF33AC4}.Debug|x64.ActiveCfg = Debug|Any CPU
		{4028F6F2-BAFA-45D2-B5E0-78207FF33AC4}.Debug|x64.Build.0 = Debug|Any CPU
		{4028F6F2-BAFA-45D2-B5E0-78207FF33AC4}.Debug|x86.ActiveCfg = Debug|Any CPU
		{4028F6F2-BAFA-45D2-B5E0-78207FF33AC4}.Debug|x86.Build.0 = Debug|Any CPU
		{4028F6F2-BAFA-45D2-B5E0-78207FF33AC4}.Release|Any CPU.ActiveCfg = Release|Any CPU
		{4028F6F2-BAFA-45D2-B5E0-78207FF33AC4}.Release|Any CPU.Build.0 = Release|Any CPU
		{4028F6F2-BAFA-45D2-B5E0-78207FF33AC4}.Release|x64.ActiveCfg = Release|Any CPU
		{4028F6F2-BAFA-45D2-B5E0-78207FF33AC4}.Release|x64.Build.0 = Release|Any CPU
		{4028F6F2-BAFA-45D2-B5E0-78207FF33AC4}.Release|x86.ActiveCfg = Release|Any CPU
		{4028F6F2-BAFA-45D2-B5E0-78207FF33AC4}.Release|x86.Build.0 = Release|Any CPU
		{FCE3ADD9-DF3B-4A81-B8A9-FFF6EAE0FB3A}.Debug|Any CPU.ActiveCfg = Debug|Any CPU
		{FCE3ADD9-DF3B-4A81-B8A9-FFF6EAE0FB3A}.Debug|Any CPU.Build.0 = Debug|Any CPU
		{FCE3ADD9-DF3B-4A81-B8A9-FFF6EAE0FB3A}.Debug|x64.ActiveCfg = Debug|Any CPU
		{FCE3ADD9-DF3B-4A81-B8A9-FFF6EAE0FB3A}.Debug|x64.Build.0 = Debug|Any CPU
		{FCE3ADD9-DF3B-4A81-B8A9-FFF6EAE0FB3A}.Debug|x86.ActiveCfg = Debug|Any CPU
		{FCE3ADD9-DF3B-4A81-B8A9-FFF6EAE0FB3A}.Debug|x86.Build.0 = Debug|Any CPU
		{FCE3ADD9-DF3B-4A81-B8A9-FFF6EAE0FB3A}.Release|Any CPU.ActiveCfg = Release|Any CPU
		{FCE3ADD9-DF3B-4A81-B8A9-FFF6EAE0FB3A}.Release|Any CPU.Build.0 = Release|Any CPU
		{FCE3ADD9-DF3B-4A81-B8A9-FFF6EAE0FB3A}.Release|x64.ActiveCfg = Release|Any CPU
		{FCE3ADD9-DF3B-4A81-B8A9-FFF6EAE0FB3A}.Release|x64.Build.0 = Release|Any CPU
		{FCE3ADD9-DF3B-4A81-B8A9-FFF6EAE0FB3A}.Release|x86.ActiveCfg = Release|Any CPU
		{FCE3ADD9-DF3B-4A81-B8A9-FFF6EAE0FB3A}.Release|x86.Build.0 = Release|Any CPU
		{515D6923-2A9D-4120-AE89-F965ED015478}.Debug|Any CPU.ActiveCfg = Debug|Any CPU
		{515D6923-2A9D-4120-AE89-F965ED015478}.Debug|Any CPU.Build.0 = Debug|Any CPU
		{515D6923-2A9D-4120-AE89-F965ED015478}.Debug|x64.ActiveCfg = Debug|Any CPU
		{515D6923-2A9D-4120-AE89-F965ED015478}.Debug|x64.Build.0 = Debug|Any CPU
		{515D6923-2A9D-4120-AE89-F965ED015478}.Debug|x86.ActiveCfg = Debug|Any CPU
		{515D6923-2A9D-4120-AE89-F965ED015478}.Debug|x86.Build.0 = Debug|Any CPU
		{515D6923-2A9D-4120-AE89-F965ED015478}.Release|Any CPU.ActiveCfg = Release|Any CPU
		{515D6923-2A9D-4120-AE89-F965ED015478}.Release|Any CPU.Build.0 = Release|Any CPU
		{515D6923-2A9D-4120-AE89-F965ED015478}.Release|x64.ActiveCfg = Release|Any CPU
		{515D6923-2A9D-4120-AE89-F965ED015478}.Release|x64.Build.0 = Release|Any CPU
		{515D6923-2A9D-4120-AE89-F965ED015478}.Release|x86.ActiveCfg = Release|Any CPU
		{515D6923-2A9D-4120-AE89-F965ED015478}.Release|x86.Build.0 = Release|Any CPU
	EndGlobalSection
EndGlobal
