
Microsoft Visual Studio Solution File, Format Version 12.00
# Visual Studio Version 16
VisualStudioVersion = 16.0.30114.105
MinimumVisualStudioVersion = 10.0.40219.1
Project("{FAE04EC0-301F-11D3-BF4B-00C04F79EFBC}") = "TestCommon", "..\TestCommon\TestCommon.csproj", "{8513C197-84D8-4A7F-9561-1E17E7369901}"
EndProject
Project("{FAE04EC0-301F-11D3-BF4B-00C04F79EFBC}") = "C9", "C9\C9.csproj", "{C021B03B-4DE9-4266-AF54-309CD107801A}"
EndProject
Project("{FAE04EC0-301F-11D3-BF4B-00C04F79EFBC}") = "C9.Tests", "C9.Tests\C9.Tests.csproj", "{13A83B54-33DB-497E-9FEF-4CCE401EBCF9}"
EndProject
Global
	GlobalSection(SolutionConfigurationPlatforms) = preSolution
		Debug|Any CPU = Debug|Any CPU
		Debug|x64 = Debug|x64
		Debug|x86 = Debug|x86
		Release|Any CPU = Release|Any CPU
		Release|x64 = Release|x64
		Release|x86 = Release|x86
	EndGlobalSection
	GlobalSection(SolutionProperties) = preSolution
		HideSolutionNode = FALSE
	EndGlobalSection
	GlobalSection(ProjectConfigurationPlatforms) = postSolution
		{8513C197-84D8-4A7F-9561-1E17E7369901}.Debug|Any CPU.ActiveCfg = Debug|Any CPU
		{8513C197-84D8-4A7F-9561-1E17E7369901}.Debug|Any CPU.Build.0 = Debug|Any CPU
		{8513C197-84D8-4A7F-9561-1E17E7369901}.Debug|x64.ActiveCfg = Debug|Any CPU
		{8513C197-84D8-4A7F-9561-1E17E7369901}.Debug|x64.Build.0 = Debug|Any CPU
		{8513C197-84D8-4A7F-9561-1E17E7369901}.Debug|x86.ActiveCfg = Debug|Any CPU
		{8513C197-84D8-4A7F-9561-1E17E7369901}.Debug|x86.Build.0 = Debug|Any CPU
		{8513C197-84D8-4A7F-9561-1E17E7369901}.Release|Any CPU.ActiveCfg = Release|Any CPU
		{8513C197-84D8-4A7F-9561-1E17E7369901}.Release|Any CPU.Build.0 = Release|Any CPU
		{8513C197-84D8-4A7F-9561-1E17E7369901}.Release|x64.ActiveCfg = Release|Any CPU
		{8513C197-84D8-4A7F-9561-1E17E7369901}.Release|x64.Build.0 = Release|Any CPU
		{8513C197-84D8-4A7F-9561-1E17E7369901}.Release|x86.ActiveCfg = Release|Any CPU
		{8513C197-84D8-4A7F-9561-1E17E7369901}.Release|x86.Build.0 = Release|Any CPU
		{C021B03B-4DE9-4266-AF54-309CD107801A}.Debug|Any CPU.ActiveCfg = Debug|Any CPU
		{C021B03B-4DE9-4266-AF54-309CD107801A}.Debug|Any CPU.Build.0 = Debug|Any CPU
		{C021B03B-4DE9-4266-AF54-309CD107801A}.Debug|x64.ActiveCfg = Debug|Any CPU
		{C021B03B-4DE9-4266-AF54-309CD107801A}.Debug|x64.Build.0 = Debug|Any CPU
		{C021B03B-4DE9-4266-AF54-309CD107801A}.Debug|x86.ActiveCfg = Debug|Any CPU
		{C021B03B-4DE9-4266-AF54-309CD107801A}.Debug|x86.Build.0 = Debug|Any CPU
		{C021B03B-4DE9-4266-AF54-309CD107801A}.Release|Any CPU.ActiveCfg = Release|Any CPU
		{C021B03B-4DE9-4266-AF54-309CD107801A}.Release|Any CPU.Build.0 = Release|Any CPU
		{C021B03B-4DE9-4266-AF54-309CD107801A}.Release|x64.ActiveCfg = Release|Any CPU
		{C021B03B-4DE9-4266-AF54-309CD107801A}.Release|x64.Build.0 = Release|Any CPU
		{C021B03B-4DE9-4266-AF54-309CD107801A}.Release|x86.ActiveCfg = Release|Any CPU
		{C021B03B-4DE9-4266-AF54-309CD107801A}.Release|x86.Build.0 = Release|Any CPU
		{13A83B54-33DB-497E-9FEF-4CCE401EBCF9}.Debug|Any CPU.ActiveCfg = Debug|Any CPU
		{13A83B54-33DB-497E-9FEF-4CCE401EBCF9}.Debug|Any CPU.Build.0 = Debug|Any CPU
		{13A83B54-33DB-497E-9FEF-4CCE401EBCF9}.Debug|x64.ActiveCfg = Debug|Any CPU
		{13A83B54-33DB-497E-9FEF-4CCE401EBCF9}.Debug|x64.Build.0 = Debug|Any CPU
		{13A83B54-33DB-497E-9FEF-4CCE401EBCF9}.Debug|x86.ActiveCfg = Debug|Any CPU
		{13A83B54-33DB-497E-9FEF-4CCE401EBCF9}.Debug|x86.Build.0 = Debug|Any CPU
		{13A83B54-33DB-497E-9FEF-4CCE401EBCF9}.Release|Any CPU.ActiveCfg = Release|Any CPU
		{13A83B54-33DB-497E-9FEF-4CCE401EBCF9}.Release|Any CPU.Build.0 = Release|Any CPU
		{13A83B54-33DB-497E-9FEF-4CCE401EBCF9}.Release|x64.ActiveCfg = Release|Any CPU
		{13A83B54-33DB-497E-9FEF-4CCE401EBCF9}.Release|x64.Build.0 = Release|Any CPU
		{13A83B54-33DB-497E-9FEF-4CCE401EBCF9}.Release|x86.ActiveCfg = Release|Any CPU
		{13A83B54-33DB-497E-9FEF-4CCE401EBCF9}.Release|x86.Build.0 = Release|Any CPU
	EndGlobalSection
EndGlobal
