
Microsoft Visual Studio Solution File, Format Version 12.00
# Visual Studio Version 16
VisualStudioVersion = 16.0.30114.105
MinimumVisualStudioVersion = 10.0.40219.1
Project("{FAE04EC0-301F-11D3-BF4B-00C04F79EFBC}") = "TestCommon", "..\TestCommon\TestCommon.csproj", "{0805602D-4B87-4467-A923-7107530B5668}"
EndProject
Project("{FAE04EC0-301F-11D3-BF4B-00C04F79EFBC}") = "A11", "A11\A11.csproj", "{3140264E-A4CD-4518-8E51-74F359FF2546}"
EndProject
Project("{FAE04EC0-301F-11D3-BF4B-00C04F79EFBC}") = "A11.Tests", "A11.Tests\A11.Tests.csproj", "{FBBC9DE3-5337-47F4-BB4C-003EA1045739}"
EndProject
Global
	GlobalSection(SolutionConfigurationPlatforms) = preSolution
		Debug|Any CPU = Debug|Any CPU
		Debug|x64 = Debug|x64
		Debug|x86 = Debug|x86
		Release|Any CPU = Release|Any CPU
		Release|x64 = Release|x64
		Release|x86 = Release|x86
	EndGlobalSection
	GlobalSection(SolutionProperties) = preSolution
		HideSolutionNode = FALSE
	EndGlobalSection
	GlobalSection(ProjectConfigurationPlatforms) = postSolution
		{0805602D-4B87-4467-A923-7107530B5668}.Debug|Any CPU.ActiveCfg = Debug|Any CPU
		{0805602D-4B87-4467-A923-7107530B5668}.Debug|Any CPU.Build.0 = Debug|Any CPU
		{0805602D-4B87-4467-A923-7107530B5668}.Debug|x64.ActiveCfg = Debug|Any CPU
		{0805602D-4B87-4467-A923-7107530B5668}.Debug|x64.Build.0 = Debug|Any CPU
		{0805602D-4B87-4467-A923-7107530B5668}.Debug|x86.ActiveCfg = Debug|Any CPU
		{0805602D-4B87-4467-A923-7107530B5668}.Debug|x86.Build.0 = Debug|Any CPU
		{0805602D-4B87-4467-A923-7107530B5668}.Release|Any CPU.ActiveCfg = Release|Any CPU
		{0805602D-4B87-4467-A923-7107530B5668}.Release|Any CPU.Build.0 = Release|Any CPU
		{0805602D-4B87-4467-A923-7107530B5668}.Release|x64.ActiveCfg = Release|Any CPU
		{0805602D-4B87-4467-A923-7107530B5668}.Release|x64.Build.0 = Release|Any CPU
		{0805602D-4B87-4467-A923-7107530B5668}.Release|x86.ActiveCfg = Release|Any CPU
		{0805602D-4B87-4467-A923-7107530B5668}.Release|x86.Build.0 = Release|Any CPU
		{3140264E-A4CD-4518-8E51-74F359FF2546}.Debug|Any CPU.ActiveCfg = Debug|Any CPU
		{3140264E-A4CD-4518-8E51-74F359FF2546}.Debug|Any CPU.Build.0 = Debug|Any CPU
		{3140264E-A4CD-4518-8E51-74F359FF2546}.Debug|x64.ActiveCfg = Debug|Any CPU
		{3140264E-A4CD-4518-8E51-74F359FF2546}.Debug|x64.Build.0 = Debug|Any CPU
		{3140264E-A4CD-4518-8E51-74F359FF2546}.Debug|x86.ActiveCfg = Debug|Any CPU
		{3140264E-A4CD-4518-8E51-74F359FF2546}.Debug|x86.Build.0 = Debug|Any CPU
		{3140264E-A4CD-4518-8E51-74F359FF2546}.Release|Any CPU.ActiveCfg = Release|Any CPU
		{3140264E-A4CD-4518-8E51-74F359FF2546}.Release|Any CPU.Build.0 = Release|Any CPU
		{3140264E-A4CD-4518-8E51-74F359FF2546}.Release|x64.ActiveCfg = Release|Any CPU
		{3140264E-A4CD-4518-8E51-74F359FF2546}.Release|x64.Build.0 = Release|Any CPU
		{3140264E-A4CD-4518-8E51-74F359FF2546}.Release|x86.ActiveCfg = Release|Any CPU
		{3140264E-A4CD-4518-8E51-74F359FF2546}.Release|x86.Build.0 = Release|Any CPU
		{FBBC9DE3-5337-47F4-BB4C-003EA1045739}.Debug|Any CPU.ActiveCfg = Debug|Any CPU
		{FBBC9DE3-5337-47F4-BB4C-003EA1045739}.Debug|Any CPU.Build.0 = Debug|Any CPU
		{FBBC9DE3-5337-47F4-BB4C-003EA1045739}.Debug|x64.ActiveCfg = Debug|Any CPU
		{FBBC9DE3-5337-47F4-BB4C-003EA1045739}.Debug|x64.Build.0 = Debug|Any CPU
		{FBBC9DE3-5337-47F4-BB4C-003EA1045739}.Debug|x86.ActiveCfg = Debug|Any CPU
		{FBBC9DE3-5337-47F4-BB4C-003EA1045739}.Debug|x86.Build.0 = Debug|Any CPU
		{FBBC9DE3-5337-47F4-BB4C-003EA1045739}.Release|Any CPU.ActiveCfg = Release|Any CPU
		{FBBC9DE3-5337-47F4-BB4C-003EA1045739}.Release|Any CPU.Build.0 = Release|Any CPU
		{FBBC9DE3-5337-47F4-BB4C-003EA1045739}.Release|x64.ActiveCfg = Release|Any CPU
		{FBBC9DE3-5337-47F4-BB4C-003EA1045739}.Release|x64.Build.0 = Release|Any CPU
		{FBBC9DE3-5337-47F4-BB4C-003EA1045739}.Release|x86.ActiveCfg = Release|Any CPU
		{FBBC9DE3-5337-47F4-BB4C-003EA1045739}.Release|x86.Build.0 = Release|Any CPU
	EndGlobalSection
EndGlobal
